<?xml version="1.0" encoding="UTF-8"?>
<Project ToolsVersion="12.0" xmlns="http://schemas.microsoft.com/developer/msbuild/2003">
  <ItemGroup>
    <ClCompile Include="C:\Program Files\Development Game Projects\Education App\Box2D-master\Box2D\glew\glew.c">
      <Filter>Source Files</Filter>
    </ClCompile>
  </ItemGroup>
  <ItemGroup>
    <ClInclude Include="C:\Program Files\Development Game Projects\Education App\Box2D-master\Box2D\glew\glew.h">
      <Filter>Header Files</Filter>
    </ClInclude>
    <ClInclude Include="C:\Program Files\Development Game Projects\Education App\Box2D-master\Box2D\glew\glxew.h">
      <Filter>Header Files</Filter>
    </ClInclude>
    <ClInclude Include="C:\Program Files\Development Game Projects\Education App\Box2D-master\Box2D\glew\wglew.h">
      <Filter>Header Files</Filter>
    </ClInclude>
  </ItemGroup>
  <ItemGroup>
    <CustomBuild Include="C:\Program Files\Development Game Projects\Education App\Box2D-master\Box2D\glew\CMakeLists.txt" />
  </ItemGroup>
  <ItemGroup>
    <Filter Include="Source Files">
      <UniqueIdentifier>{0AC744DC-1BB0-37B0-BBF3-8376369DF064}</UniqueIdentifier>
    </Filter>
    <Filter Include="Header Files">
      <UniqueIdentifier>{D72FA073-0225-3B6E-BB78-41E04142AFE7}</UniqueIdentifier>
    </Filter>
  </ItemGroup>
</Project>
