Microsoft Visual Studio Solution File, Format Version 12.00
# Visual Studio 2013
Project("{8BC9CEB8-8B4A-11D0-8D11-00A0C91BC942}") = "ALL_BUILD", "ALL_BUILD.vcxproj", "{79F93FD4-4A4A-30CB-8AF0-9F141B363A02}"
	ProjectSection(ProjectDependencies) = postProject
		{C50FC7A0-29CB-3990-90F1-D367A403A2A4} = {C50FC7A0-29CB-3990-90F1-D367A403A2A4}
		{7DE799E7-409F-3DB4-B827-C64431B62EBA} = {7DE799E7-409F-3DB4-B827-C64431B62EBA}
		{D0C41E53-BDFB-35A7-AEE3-88B0CB01183B} = {D0C41E53-BDFB-35A7-AEE3-88B0CB01183B}
		{1928390E-46BE-33D8-8338-5448AB6AFF18} = {1928390E-46BE-33D8-8338-5448AB6AFF18}
		{B4F27FE0-DEEF-3D63-8770-9B22B71843E6} = {B4F27FE0-DEEF-3D63-8770-9B22B71843E6}
		{68D98CE4-A1E2-389A-B45B-39E09FFDBF26} = {68D98CE4-A1E2-389A-B45B-39E09FFDBF26}
	EndProjectSection
EndProject
Project("{8BC9CEB8-8B4A-11D0-8D11-00A0C91BC942}") = "Box2D", "Box2D\Box2D.vcxproj", "{C50FC7A0-29CB-3990-90F1-D367A403A2A4}"
	ProjectSection(ProjectDependencies) = postProject
		{1928390E-46BE-33D8-8338-5448AB6AFF18} = {1928390E-46BE-33D8-8338-5448AB6AFF18}
	EndProjectSection
EndProject
Project("{8BC9CEB8-8B4A-11D0-8D11-00A0C91BC942}") = "HelloWorld", "HelloWorld\HelloWorld.vcxproj", "{7DE799E7-409F-3DB4-B827-C64431B62EBA}"
	ProjectSection(ProjectDependencies) = postProject
		{C50FC7A0-29CB-3990-90F1-D367A403A2A4} = {C50FC7A0-29CB-3990-90F1-D367A403A2A4}
		{1928390E-46BE-33D8-8338-5448AB6AFF18} = {1928390E-46BE-33D8-8338-5448AB6AFF18}
	EndProjectSection
EndProject
Project("{8BC9CEB8-8B4A-11D0-8D11-00A0C91BC942}") = "Testbed", "Testbed\Testbed.vcxproj", "{D0C41E53-BDFB-35A7-AEE3-88B0CB01183B}"
	ProjectSection(ProjectDependencies) = postProject
		{C50FC7A0-29CB-3990-90F1-D367A403A2A4} = {C50FC7A0-29CB-3990-90F1-D367A403A2A4}
		{1928390E-46BE-33D8-8338-5448AB6AFF18} = {1928390E-46BE-33D8-8338-5448AB6AFF18}
		{B4F27FE0-DEEF-3D63-8770-9B22B71843E6} = {B4F27FE0-DEEF-3D63-8770-9B22B71843E6}
		{68D98CE4-A1E2-389A-B45B-39E09FFDBF26} = {68D98CE4-A1E2-389A-B45B-39E09FFDBF26}
	EndProjectSection
EndProject
Project("{8BC9CEB8-8B4A-11D0-8D11-00A0C91BC942}") = "ZERO_CHECK", "ZERO_CHECK.vcxproj", "{1928390E-46BE-33D8-8338-5448AB6AFF18}"
	ProjectSection(ProjectDependencies) = postProject
	EndProjectSection
EndProject
Project("{8BC9CEB8-8B4A-11D0-8D11-00A0C91BC942}") = "glew", "glew\glew.vcxproj", "{B4F27FE0-DEEF-3D63-8770-9B22B71843E6}"
	ProjectSection(ProjectDependencies) = postProject
		{1928390E-46BE-33D8-8338-5448AB6AFF18} = {1928390E-46BE-33D8-8338-5448AB6AFF18}
	EndProjectSection
EndProject
Project("{8BC9CEB8-8B4A-11D0-8D11-00A0C91BC942}") = "glfw", "glfw\glfw.vcxproj", "{68D98CE4-A1E2-389A-B45B-39E09FFDBF26}"
	ProjectSection(ProjectDependencies) = postProject
		{1928390E-46BE-33D8-8338-5448AB6AFF18} = {1928390E-46BE-33D8-8338-5448AB6AFF18}
	EndProjectSection
EndProject
Global
	GlobalSection(SolutionConfigurationPlatforms) = preSolution
		Debug|Win32 = Debug|Win32
		Release|Win32 = Release|Win32
		MinSizeRel|Win32 = MinSizeRel|Win32
		RelWithDebInfo|Win32 = RelWithDebInfo|Win32
	EndGlobalSection
	GlobalSection(ProjectConfigurationPlatforms) = postSolution
		{79F93FD4-4A4A-30CB-8AF0-9F141B363A02}.Debug|Win32.ActiveCfg = Debug|Win32
		{79F93FD4-4A4A-30CB-8AF0-9F141B363A02}.Release|Win32.ActiveCfg = Release|Win32
		{79F93FD4-4A4A-30CB-8AF0-9F141B363A02}.MinSizeRel|Win32.ActiveCfg = MinSizeRel|Win32
		{79F93FD4-4A4A-30CB-8AF0-9F141B363A02}.RelWithDebInfo|Win32.ActiveCfg = RelWithDebInfo|Win32
		{C50FC7A0-29CB-3990-90F1-D367A403A2A4}.Debug|Win32.ActiveCfg = Debug|Win32
		{C50FC7A0-29CB-3990-90F1-D367A403A2A4}.Debug|Win32.Build.0 = Debug|Win32
		{C50FC7A0-29CB-3990-90F1-D367A403A2A4}.Release|Win32.ActiveCfg = Release|Win32
		{C50FC7A0-29CB-3990-90F1-D367A403A2A4}.Release|Win32.Build.0 = Release|Win32
		{C50FC7A0-29CB-3990-90F1-D367A403A2A4}.MinSizeRel|Win32.ActiveCfg = MinSizeRel|Win32
		{C50FC7A0-29CB-3990-90F1-D367A403A2A4}.MinSizeRel|Win32.Build.0 = MinSizeRel|Win32
		{C50FC7A0-29CB-3990-90F1-D367A403A2A4}.RelWithDebInfo|Win32.ActiveCfg = RelWithDebInfo|Win32
		{C50FC7A0-29CB-3990-90F1-D367A403A2A4}.RelWithDebInfo|Win32.Build.0 = RelWithDebInfo|Win32
		{7DE799E7-409F-3DB4-B827-C64431B62EBA}.Debug|Win32.ActiveCfg = Debug|Win32
		{7DE799E7-409F-3DB4-B827-C64431B62EBA}.Debug|Win32.Build.0 = Debug|Win32
		{7DE799E7-409F-3DB4-B827-C64431B62EBA}.Release|Win32.ActiveCfg = Release|Win32
		{7DE799E7-409F-3DB4-B827-C64431B62EBA}.Release|Win32.Build.0 = Release|Win32
		{7DE799E7-409F-3DB4-B827-C64431B62EBA}.MinSizeRel|Win32.ActiveCfg = MinSizeRel|Win32
		{7DE799E7-409F-3DB4-B827-C64431B62EBA}.MinSizeRel|Win32.Build.0 = MinSizeRel|Win32
		{7DE799E7-409F-3DB4-B827-C64431B62EBA}.RelWithDebInfo|Win32.ActiveCfg = RelWithDebInfo|Win32
		{7DE799E7-409F-3DB4-B827-C64431B62EBA}.RelWithDebInfo|Win32.Build.0 = RelWithDebInfo|Win32
		{D0C41E53-BDFB-35A7-AEE3-88B0CB01183B}.Debug|Win32.ActiveCfg = Debug|Win32
		{D0C41E53-BDFB-35A7-AEE3-88B0CB01183B}.Debug|Win32.Build.0 = Debug|Win32
		{D0C41E53-BDFB-35A7-AEE3-88B0CB01183B}.Release|Win32.ActiveCfg = Release|Win32
		{D0C41E53-BDFB-35A7-AEE3-88B0CB01183B}.Release|Win32.Build.0 = Release|Win32
		{D0C41E53-BDFB-35A7-AEE3-88B0CB01183B}.MinSizeRel|Win32.ActiveCfg = MinSizeRel|Win32
		{D0C41E53-BDFB-35A7-AEE3-88B0CB01183B}.MinSizeRel|Win32.Build.0 = MinSizeRel|Win32
		{D0C41E53-BDFB-35A7-AEE3-88B0CB01183B}.RelWithDebInfo|Win32.ActiveCfg = RelWithDebInfo|Win32
		{D0C41E53-BDFB-35A7-AEE3-88B0CB01183B}.RelWithDebInfo|Win32.Build.0 = RelWithDebInfo|Win32
		{1928390E-46BE-33D8-8338-5448AB6AFF18}.Debug|Win32.ActiveCfg = Debug|Win32
		{1928390E-46BE-33D8-8338-5448AB6AFF18}.Debug|Win32.Build.0 = Debug|Win32
		{1928390E-46BE-33D8-8338-5448AB6AFF18}.Release|Win32.ActiveCfg = Release|Win32
		{1928390E-46BE-33D8-8338-5448AB6AFF18}.Release|Win32.Build.0 = Release|Win32
		{1928390E-46BE-33D8-8338-5448AB6AFF18}.MinSizeRel|Win32.ActiveCfg = MinSizeRel|Win32
		{1928390E-46BE-33D8-8338-5448AB6AFF18}.MinSizeRel|Win32.Build.0 = MinSizeRel|Win32
		{1928390E-46BE-33D8-8338-5448AB6AFF18}.RelWithDebInfo|Win32.ActiveCfg = RelWithDebInfo|Win32
		{1928390E-46BE-33D8-8338-5448AB6AFF18}.RelWithDebInfo|Win32.Build.0 = RelWithDebInfo|Win32
		{B4F27FE0-DEEF-3D63-8770-9B22B71843E6}.Debug|Win32.ActiveCfg = Debug|Win32
		{B4F27FE0-DEEF-3D63-8770-9B22B71843E6}.Debug|Win32.Build.0 = Debug|Win32
		{B4F27FE0-DEEF-3D63-8770-9B22B71843E6}.Release|Win32.ActiveCfg = Release|Win32
		{B4F27FE0-DEEF-3D63-8770-9B22B71843E6}.Release|Win32.Build.0 = Release|Win32
		{B4F27FE0-DEEF-3D63-8770-9B22B71843E6}.MinSizeRel|Win32.ActiveCfg = MinSizeRel|Win32
		{B4F27FE0-DEEF-3D63-8770-9B22B71843E6}.MinSizeRel|Win32.Build.0 = MinSizeRel|Win32
		{B4F27FE0-DEEF-3D63-8770-9B22B71843E6}.RelWithDebInfo|Win32.ActiveCfg = RelWithDebInfo|Win32
		{B4F27FE0-DEEF-3D63-8770-9B22B71843E6}.RelWithDebInfo|Win32.Build.0 = RelWithDebInfo|Win32
		{68D98CE4-A1E2-389A-B45B-39E09FFDBF26}.Debug|Win32.ActiveCfg = Debug|Win32
		{68D98CE4-A1E2-389A-B45B-39E09FFDBF26}.Debug|Win32.Build.0 = Debug|Win32
		{68D98CE4-A1E2-389A-B45B-39E09FFDBF26}.Release|Win32.ActiveCfg = Release|Win32
		{68D98CE4-A1E2-389A-B45B-39E09FFDBF26}.Release|Win32.Build.0 = Release|Win32
		{68D98CE4-A1E2-389A-B45B-39E09FFDBF26}.MinSizeRel|Win32.ActiveCfg = MinSizeRel|Win32
		{68D98CE4-A1E2-389A-B45B-39E09FFDBF26}.MinSizeRel|Win32.Build.0 = MinSizeRel|Win32
		{68D98CE4-A1E2-389A-B45B-39E09FFDBF26}.RelWithDebInfo|Win32.ActiveCfg = RelWithDebInfo|Win32
		{68D98CE4-A1E2-389A-B45B-39E09FFDBF26}.RelWithDebInfo|Win32.Build.0 = RelWithDebInfo|Win32
	EndGlobalSection
	GlobalSection(ExtensibilityGlobals) = postSolution
	EndGlobalSection
	GlobalSection(ExtensibilityAddIns) = postSolution
	EndGlobalSection
EndGlobal
